
Microsoft Visual Studio Solution File, Format Version 12.00
# Visual Studio Version 16
VisualStudioVersion = 16.0.30907.101
MinimumVisualStudioVersion = 10.0.40219.1
Project("{9A19103F-16F7-4668-BE54-9A1E7A4F7556}") = "bc", "bc.csproj", "{A17184E9-DAC7-4276-B9AD-1DCE705BF205}"
EndProject
Global
	GlobalSection(SolutionConfigurationPlatforms) = preSolution
		Debug|Any CPU = Debug|Any CPU
		Release|Any CPU = Release|Any CPU
	EndGlobalSection
	GlobalSection(ProjectConfigurationPlatforms) = postSolution
		{A17184E9-DAC7-4276-B9AD-1DCE705BF205}.Debug|Any CPU.ActiveCfg = Debug|Any CPU
		{A17184E9-DAC7-4276-B9AD-1DCE705BF205}.Debug|Any CPU.Build.0 = Debug|Any CPU
		{A17184E9-DAC7-4276-B9AD-1DCE705BF205}.Release|Any CPU.ActiveCfg = Release|Any CPU
		{A17184E9-DAC7-4276-B9AD-1DCE705BF205}.Release|Any CPU.Build.0 = Release|Any CPU
	EndGlobalSection
	GlobalSection(SolutionProperties) = preSolution
		HideSolutionNode = FALSE
	EndGlobalSection
	GlobalSection(ExtensibilityGlobals) = postSolution
		SolutionGuid = {35EC657A-55D4-4339-A807-040F15DBE60D}
	EndGlobalSection
EndGlobal
